
Microsoft Visual Studio Solution File, Format Version 12.00
# Visual Studio Version 17
VisualStudioVersion = 17.0.31825.309
MinimumVisualStudioVersion = 10.0.40219.1
Project("{9A19103F-16F7-4668-BE54-9A1E7A4F7556}") = "GuardiaAPI", "GuardiaAPI.csproj", "{358105D0-F48A-436B-9DE9-CE46C623406C}"
EndProject
Project("{9A19103F-16F7-4668-BE54-9A1E7A4F7556}") = "GuardiaAPI.Test", "..\GuardiaAPI.Test\GuardiaAPI.Test.csproj", "{CA30CE14-07D0-409E-B9E8-BCD12A2EF5A4}"
EndProject
Global
	GlobalSection(SolutionConfigurationPlatforms) = preSolution
		Debug|Any CPU = Debug|Any CPU
		Release|Any CPU = Release|Any CPU
	EndGlobalSection
	GlobalSection(ProjectConfigurationPlatforms) = postSolution
		{358105D0-F48A-436B-9DE9-CE46C623406C}.Debug|Any CPU.ActiveCfg = Debug|Any CPU
		{358105D0-F48A-436B-9DE9-CE46C623406C}.Debug|Any CPU.Build.0 = Debug|Any CPU
		{358105D0-F48A-436B-9DE9-CE46C623406C}.Release|Any CPU.ActiveCfg = Release|Any CPU
		{358105D0-F48A-436B-9DE9-CE46C623406C}.Release|Any CPU.Build.0 = Release|Any CPU
		{CA30CE14-07D0-409E-B9E8-BCD12A2EF5A4}.Debug|Any CPU.ActiveCfg = Debug|Any CPU
		{CA30CE14-07D0-409E-B9E8-BCD12A2EF5A4}.Debug|Any CPU.Build.0 = Debug|Any CPU
		{CA30CE14-07D0-409E-B9E8-BCD12A2EF5A4}.Release|Any CPU.ActiveCfg = Release|Any CPU
		{CA30CE14-07D0-409E-B9E8-BCD12A2EF5A4}.Release|Any CPU.Build.0 = Release|Any CPU
	EndGlobalSection
	GlobalSection(SolutionProperties) = preSolution
		HideSolutionNode = FALSE
	EndGlobalSection
	GlobalSection(ExtensibilityGlobals) = postSolution
		SolutionGuid = {D07E3150-2CCE-4100-9220-2F714DE57AB7}
	EndGlobalSection
EndGlobal
